#MicroXplorer Configuration settings - do not modify
ADC1.Channel-0\#ChannelRegularConversion=ADC_CHANNEL_9
ADC1.DMAContinuousRequests=ENABLE
ADC1.EnableAnalogWatchDog=false
ADC1.ExternalTrigConv=ADC_EXTERNALTRIGCONV_T4_CC4
ADC1.IPParameters=Rank-0\#ChannelRegularConversion,Channel-0\#ChannelRegularConversion,SamplingTime-0\#ChannelRegularConversion,NbrOfConversionFlag,master,DMAContinuousRequests,ExternalTrigConv,EnableAnalogWatchDog,NbrOfConversion
ADC1.NbrOfConversion=1
ADC1.NbrOfConversionFlag=1
ADC1.Rank-0\#ChannelRegularConversion=1
ADC1.SamplingTime-0\#ChannelRegularConversion=ADC_SAMPLETIME_3CYCLES
ADC1.master=1
CAD.formats=
CAD.pinconfig=
CAD.provider=
CAN1.ABOM=ENABLE
CAN1.AWUM=ENABLE
CAN1.BS1=CAN_BS1_12TQ
CAN1.BS2=CAN_BS2_2TQ
CAN1.CalculateBaudRate=1000000
CAN1.CalculateTimeBit=1000
CAN1.CalculateTimeQuantum=66.66666666666666
CAN1.IPParameters=CalculateTimeQuantum,CalculateTimeBit,CalculateBaudRate,Prescaler,NART,Mode,BS1,BS2,ABOM,AWUM
CAN1.Mode=CAN_MODE_NORMAL
CAN1.NART=DISABLE
CAN1.Prescaler=3
CAN2.ABOM=ENABLE
CAN2.AWUM=ENABLE
CAN2.BS1=CAN_BS1_12TQ
CAN2.BS2=CAN_BS2_2TQ
CAN2.CalculateBaudRate=1000000
CAN2.CalculateTimeBit=1000
CAN2.CalculateTimeQuantum=66.66666666666666
CAN2.IPParameters=CalculateTimeQuantum,CalculateTimeBit,CalculateBaudRate,Prescaler,BS1,BS2,NART,Mode,ABOM,AWUM
CAN2.Mode=CAN_MODE_NORMAL
CAN2.NART=DISABLE
CAN2.Prescaler=3
Dma.ADC1.0.Direction=DMA_PERIPH_TO_MEMORY
Dma.ADC1.0.FIFOMode=DMA_FIFOMODE_DISABLE
Dma.ADC1.0.Instance=DMA2_Stream0
Dma.ADC1.0.MemDataAlignment=DMA_MDATAALIGN_HALFWORD
Dma.ADC1.0.MemInc=DMA_MINC_ENABLE
Dma.ADC1.0.Mode=DMA_CIRCULAR
Dma.ADC1.0.PeriphDataAlignment=DMA_PDATAALIGN_HALFWORD
Dma.ADC1.0.PeriphInc=DMA_PINC_DISABLE
Dma.ADC1.0.Priority=DMA_PRIORITY_LOW
Dma.ADC1.0.RequestParameters=Instance,Direction,PeriphInc,MemInc,PeriphDataAlignment,MemDataAlignment,Mode,Priority,FIFOMode
Dma.Request0=ADC1
Dma.RequestsNb=1
File.Version=6
GPIO.groupedBy=Group By Peripherals
I2C3.I2C_Mode=I2C_Standard
I2C3.IPParameters=I2C_Mode
KeepUserPlacement=false
Mcu.CPN=STM32F446RET6
Mcu.Family=STM32F4
Mcu.IP0=ADC1
Mcu.IP1=CAN1
Mcu.IP10=TIM3
Mcu.IP11=TIM4
Mcu.IP12=TIM6
Mcu.IP13=TIM7
Mcu.IP14=TIM8
Mcu.IP15=TIM9
Mcu.IP16=TIM12
Mcu.IP17=USART3
Mcu.IP2=CAN2
Mcu.IP3=DMA
Mcu.IP4=I2C3
Mcu.IP5=NVIC
Mcu.IP6=RCC
Mcu.IP7=SYS
Mcu.IP8=TIM1
Mcu.IP9=TIM2
Mcu.IPNb=18
Mcu.Name=STM32F446R(C-E)Tx
Mcu.Package=LQFP64
Mcu.Pin0=PC13
Mcu.Pin1=PH0-OSC_IN
Mcu.Pin10=PC4
Mcu.Pin11=PC5
Mcu.Pin12=PB0
Mcu.Pin13=PB1
Mcu.Pin14=PB14
Mcu.Pin15=PB15
Mcu.Pin16=PC6
Mcu.Pin17=PC7
Mcu.Pin18=PC9
Mcu.Pin19=PA8
Mcu.Pin2=PH1-OSC_OUT
Mcu.Pin20=PA11
Mcu.Pin21=PA13
Mcu.Pin22=PA14
Mcu.Pin23=PA15
Mcu.Pin24=PC10
Mcu.Pin25=PC11
Mcu.Pin26=PB3
Mcu.Pin27=PB5
Mcu.Pin28=PB6
Mcu.Pin29=PB8
Mcu.Pin3=PA0-WKUP
Mcu.Pin30=PB9
Mcu.Pin31=VP_SYS_VS_Systick
Mcu.Pin32=VP_TIM1_VS_ClockSourceINT
Mcu.Pin33=VP_TIM2_VS_ClockSourceINT
Mcu.Pin34=VP_TIM2_VS_no_output3
Mcu.Pin35=VP_TIM4_VS_ClockSourceINT
Mcu.Pin36=VP_TIM4_VS_no_output4
Mcu.Pin37=VP_TIM6_VS_ClockSourceINT
Mcu.Pin38=VP_TIM7_VS_ClockSourceINT
Mcu.Pin39=VP_TIM8_VS_ClockSourceINT
Mcu.Pin4=PA1
Mcu.Pin40=VP_TIM9_VS_ClockSourceINT
Mcu.Pin41=VP_TIM12_VS_ClockSourceINT
Mcu.Pin5=PA2
Mcu.Pin6=PA4
Mcu.Pin7=PA5
Mcu.Pin8=PA6
Mcu.Pin9=PA7
Mcu.PinsNb=42
Mcu.ThirdPartyNb=0
Mcu.UserConstants=adc_timer_value,500
Mcu.UserName=STM32F446RETx
MxCube.Version=6.10.0
MxDb.Version=DB.6.0.100
NVIC.BusFault_IRQn=true\:0\:0\:false\:false\:true\:false\:false\:false
NVIC.CAN1_RX0_IRQn=true\:0\:0\:true\:false\:true\:true\:true\:true
NVIC.CAN1_RX1_IRQn=true\:0\:0\:true\:false\:true\:true\:true\:true
NVIC.CAN1_SCE_IRQn=true\:1\:0\:true\:false\:true\:true\:true\:true
NVIC.CAN2_RX0_IRQn=true\:0\:0\:true\:false\:true\:true\:true\:true
NVIC.CAN2_RX1_IRQn=true\:0\:0\:true\:false\:true\:true\:true\:true
NVIC.CAN2_SCE_IRQn=true\:1\:0\:true\:false\:true\:true\:true\:true
NVIC.DMA2_Stream0_IRQn=true\:0\:0\:false\:false\:true\:false\:true\:true
NVIC.DebugMonitor_IRQn=true\:0\:0\:false\:false\:true\:false\:false\:false
NVIC.EXTI0_IRQn=true\:0\:0\:false\:false\:true\:true\:true\:true
NVIC.EXTI1_IRQn=true\:0\:0\:false\:false\:true\:true\:true\:true
NVIC.ForceEnableDMAVector=true
NVIC.HardFault_IRQn=true\:0\:0\:false\:false\:true\:false\:false\:false
NVIC.I2C3_ER_IRQn=true\:1\:0\:true\:false\:true\:true\:true\:true
NVIC.MemoryManagement_IRQn=true\:0\:0\:false\:false\:true\:false\:false\:false
NVIC.NonMaskableInt_IRQn=true\:0\:0\:false\:false\:true\:false\:false\:false
NVIC.PendSV_IRQn=true\:0\:0\:false\:false\:true\:false\:false\:false
NVIC.PriorityGroup=NVIC_PRIORITYGROUP_4
NVIC.SVCall_IRQn=true\:0\:0\:false\:false\:true\:false\:false\:false
NVIC.SysTick_IRQn=true\:15\:0\:false\:false\:true\:false\:true\:false
NVIC.TIM1_BRK_TIM9_IRQn=true\:2\:0\:true\:false\:true\:true\:true\:true
NVIC.TIM1_UP_TIM10_IRQn=true\:2\:0\:true\:false\:true\:true\:true\:true
NVIC.TIM2_IRQn=true\:2\:0\:true\:false\:true\:true\:true\:true
NVIC.TIM3_IRQn=true\:0\:0\:true\:false\:true\:true\:true\:true
NVIC.TIM4_IRQn=true\:1\:0\:true\:false\:true\:true\:true\:true
NVIC.TIM6_DAC_IRQn=true\:0\:0\:true\:false\:true\:true\:true\:true
NVIC.TIM7_IRQn=true\:0\:0\:false\:false\:true\:true\:true\:true
NVIC.TIM8_BRK_TIM12_IRQn=true\:0\:0\:false\:false\:true\:true\:true\:true
NVIC.TIM8_CC_IRQn=true\:0\:0\:false\:false\:true\:true\:true\:true
NVIC.TIM8_TRG_COM_TIM14_IRQn=true\:0\:0\:false\:false\:true\:true\:true\:true
NVIC.TIM8_UP_TIM13_IRQn=true\:0\:0\:false\:false\:true\:true\:true\:true
NVIC.UsageFault_IRQn=true\:0\:0\:false\:false\:true\:false\:false\:false
PA0-WKUP.GPIOParameters=GPIO_Label,GPIO_ModeDefaultEXTI
PA0-WKUP.GPIO_Label=CH_EN_BUTTON_GPIO_IN
PA0-WKUP.GPIO_ModeDefaultEXTI=GPIO_MODE_IT_RISING_FALLING
PA0-WKUP.Locked=true
PA0-WKUP.Signal=GPXTI0
PA1.GPIOParameters=GPIO_Label,GPIO_ModeDefaultEXTI
PA1.GPIO_Label=SDC_FUNGO_GPIO_IN
PA1.GPIO_ModeDefaultEXTI=GPIO_MODE_IT_FALLING
PA1.Locked=true
PA1.Signal=GPXTI1
PA11.GPIOParameters=GPIO_Label
PA11.GPIO_Label=NPX_DRIVER_PWM_OUT
PA11.Locked=true
PA11.Signal=S_TIM1_CH4
PA13.Mode=JTAG_4_pins
PA13.Signal=SYS_JTMS-SWDIO
PA14.Mode=JTAG_4_pins
PA14.Signal=SYS_JTCK-SWCLK
PA15.Mode=JTAG_4_pins
PA15.Signal=SYS_JTDI
PA2.GPIOParameters=PinState,GPIO_Label
PA2.GPIO_Label=CH_EN_CMD_GPIO_OUT
PA2.Locked=true
PA2.PinState=GPIO_PIN_SET
PA2.Signal=GPIO_Output
PA4.GPIOParameters=GPIO_Label
PA4.GPIO_Label=STAT2_LED_GPIO_OUT
PA4.Locked=true
PA4.Signal=GPIO_Output
PA5.GPIOParameters=GPIO_Label
PA5.GPIO_Label=STAT1_LED_GPIO_OUT
PA5.Locked=true
PA5.Signal=GPIO_Output
PA6.GPIOParameters=GPIO_Label
PA6.GPIO_Label=WARN_LED_GPIO_OUT
PA6.Locked=true
PA6.Signal=GPIO_Output
PA7.GPIOParameters=GPIO_Label
PA7.GPIO_Label=STAT3_LED_GPIO_OUT
PA7.Locked=true
PA7.Signal=GPIO_Output
PA8.Mode=I2C
PA8.Signal=I2C3_SCL
PB0.GPIOParameters=GPIO_Label
PB0.GPIO_Label=IMD_DRIVER_GPIO_OUT
PB0.Locked=true
PB0.Signal=GPIO_Output
PB1.GPIOParameters=GPIO_Label
PB1.GPIO_Label=NTC_ADC_IN
PB1.Locked=true
PB1.Signal=ADCx_IN9
PB14.GPIOParameters=GPIO_Label
PB14.GPIO_Label=BUZZER_PWM_OUT
PB14.Locked=true
PB14.Mode=PWM Generation2 CH2N
PB14.Signal=TIM8_CH2N
PB15.GPIOParameters=GPIO_Label
PB15.GPIO_Label=FAN_PWM_OUT
PB15.Locked=true
PB15.Signal=S_TIM12_CH2
PB3.Mode=JTAG_4_pins
PB3.Signal=SYS_JTDO-SWO
PB5.GPIOParameters=GPIO_PuPd,GPIO_Label
PB5.GPIO_Label=R_CAN1_RX
PB5.GPIO_PuPd=GPIO_PULLUP
PB5.Locked=true
PB5.Mode=CAN_Activate
PB5.Signal=CAN2_RX
PB6.GPIOParameters=GPIO_Label
PB6.GPIO_Label=R_CAN1_TX
PB6.Locked=true
PB6.Mode=CAN_Activate
PB6.Signal=CAN2_TX
PB8.GPIOParameters=GPIO_PuPd,GPIO_Label
PB8.GPIO_Label=R_CAN2_RX
PB8.GPIO_PuPd=GPIO_PULLUP
PB8.Locked=true
PB8.Mode=CAN_Activate
PB8.Signal=CAN1_RX
PB9.GPIOParameters=GPIO_PuPd,GPIO_Label
PB9.GPIO_Label=D_CAN2_TX
PB9.GPIO_PuPd=GPIO_NOPULL
PB9.Locked=true
PB9.Mode=CAN_Activate
PB9.Signal=CAN1_TX
PC10.Locked=true
PC10.Mode=Asynchronous
PC10.Signal=USART3_TX
PC11.Locked=true
PC11.Mode=Asynchronous
PC11.Signal=USART3_RX
PC13.GPIOParameters=GPIO_Label
PC13.GPIO_Label=ENCODER_SW_GPIO_IN
PC13.Locked=true
PC13.Signal=GPIO_Input
PC4.GPIOParameters=GPIO_Label
PC4.GPIO_Label=ERR_LED_GPIO_OUT
PC4.Locked=true
PC4.Signal=GPIO_Output
PC5.GPIOParameters=GPIO_Label
PC5.GPIO_Label=AMS_DRIVER_GPIO_OUT
PC5.Locked=true
PC5.Signal=GPIO_Output
PC6.GPIOParameters=GPIO_Label
PC6.GPIO_Label=ENCODER_CLK_GPIO_IN
PC6.Signal=S_TIM3_CH1
PC7.GPIOParameters=GPIO_Label
PC7.GPIO_Label=ENCODER_DT_GPIO_IN
PC7.Signal=S_TIM3_CH2
PC9.Locked=true
PC9.Mode=I2C
PC9.Signal=I2C3_SDA
PH0-OSC_IN.Mode=HSE-External-Oscillator
PH0-OSC_IN.Signal=RCC_OSC_IN
PH1-OSC_OUT.Mode=HSE-External-Oscillator
PH1-OSC_OUT.Signal=RCC_OSC_OUT
PinOutPanel.RotationAngle=0
ProjectManager.AskForMigrate=true
ProjectManager.BackupPrevious=false
ProjectManager.CompilerOptimize=6
ProjectManager.ComputerToolchain=false
ProjectManager.CoupleFile=true
ProjectManager.CustomerFirmwarePackage=
ProjectManager.DefaultFWLocation=true
ProjectManager.DeletePrevious=true
ProjectManager.DeviceId=STM32F446RETx
ProjectManager.FirmwarePackage=STM32Cube FW_F4 V1.28.0
ProjectManager.FreePins=true
ProjectManager.HalAssertFull=false
ProjectManager.HeapSize=0x200
ProjectManager.KeepUserCode=true
ProjectManager.LastFirmware=true
ProjectManager.LibraryCopy=1
ProjectManager.MainLocation=Core/Src
ProjectManager.NoMain=false
ProjectManager.PreviousToolchain=
ProjectManager.ProjectBuild=false
ProjectManager.ProjectFileName=SCarrellino.ioc
ProjectManager.ProjectName=SCarrellino
ProjectManager.ProjectStructure=
ProjectManager.RegisterCallBack=
ProjectManager.StackSize=0x400
ProjectManager.TargetToolchain=Makefile
ProjectManager.ToolChainLocation=
ProjectManager.UAScriptAfterPath=
ProjectManager.UAScriptBeforePath=
ProjectManager.UnderRoot=false
ProjectManager.functionlistsort=1-SystemClock_Config-RCC-false-HAL-false,2-MX_GPIO_Init-GPIO-false-HAL-true,3-MX_DMA_Init-DMA-false-HAL-true,4-MX_CAN1_Init-CAN1-false-HAL-true,5-MX_TIM4_Init-TIM4-false-HAL-true,6-MX_ADC1_Init-ADC1-false-HAL-true,7-MX_CAN2_Init-CAN2-false-HAL-true,8-MX_I2C3_Init-I2C3-false-HAL-true,9-MX_TIM1_Init-TIM1-false-HAL-true,10-MX_TIM3_Init-TIM3-false-HAL-true,11-MX_TIM8_Init-TIM8-false-HAL-true,12-MX_TIM9_Init-TIM9-false-HAL-true,13-MX_TIM12_Init-TIM12-false-HAL-true,14-MX_TIM2_Init-TIM2-false-HAL-true,15-MX_USART3_UART_Init-USART3-false-HAL-true,16-MX_TIM6_Init-TIM6-false-HAL-true,17-MX_TIM7_Init-TIM7-false-HAL-true
RCC.AHBFreq_Value=180000000
RCC.APB1CLKDivider=RCC_HCLK_DIV4
RCC.APB1Freq_Value=45000000
RCC.APB1TimFreq_Value=90000000
RCC.APB2CLKDivider=RCC_HCLK_DIV2
RCC.APB2Freq_Value=90000000
RCC.APB2TimFreq_Value=180000000
RCC.CECFreq_Value=32786.88524590164
RCC.CortexFreq_Value=180000000
RCC.FCLKCortexFreq_Value=180000000
RCC.FMPI2C1Freq_Value=45000000
RCC.FamilyName=M
RCC.HCLKFreq_Value=180000000
RCC.HSE_VALUE=8000000
RCC.I2S1Freq_Value=48000000
RCC.I2S2Freq_Value=48000000
RCC.IPParameters=AHBFreq_Value,APB1CLKDivider,APB1Freq_Value,APB1TimFreq_Value,APB2CLKDivider,APB2Freq_Value,APB2TimFreq_Value,CECFreq_Value,CortexFreq_Value,FCLKCortexFreq_Value,FMPI2C1Freq_Value,FamilyName,HCLKFreq_Value,HSE_VALUE,I2S1Freq_Value,I2S2Freq_Value,MCO2PinFreq_Value,PLLCLKFreq_Value,PLLI2SPCLKFreq_Value,PLLI2SQCLKFreq_Value,PLLI2SRCLKFreq_Value,PLLI2SoutputFreq_Value,PLLM,PLLN,PLLQCLKFreq_Value,PLLRCLKFreq_Value,PLLSAIPCLKFreq_Value,PLLSAIQCLKFreq_Value,PLLSAIoutputFreq_Value,PLLSourceVirtual,PWRFreq_Value,SAIAFreq_Value,SAIBFreq_Value,SDIOFreq_Value,SPDIFRXFreq_Value,SYSCLKFreq_VALUE,SYSCLKSource,USBFreq_Value,VCOI2SInputFreq_Value,VCOI2SOutputFreq_Value,VCOInputFreq_Value,VCOOutputFreq_Value,VCOSAIInputFreq_Value,VCOSAIOutputFreq_Value
RCC.MCO2PinFreq_Value=180000000
RCC.PLLCLKFreq_Value=180000000
RCC.PLLI2SPCLKFreq_Value=48000000
RCC.PLLI2SQCLKFreq_Value=48000000
RCC.PLLI2SRCLKFreq_Value=48000000
RCC.PLLI2SoutputFreq_Value=48000000
RCC.PLLM=4
RCC.PLLN=180
RCC.PLLQCLKFreq_Value=180000000
RCC.PLLRCLKFreq_Value=180000000
RCC.PLLSAIPCLKFreq_Value=48000000
RCC.PLLSAIQCLKFreq_Value=48000000
RCC.PLLSAIoutputFreq_Value=48000000
RCC.PLLSourceVirtual=RCC_PLLSOURCE_HSE
RCC.PWRFreq_Value=180000000
RCC.SAIAFreq_Value=48000000
RCC.SAIBFreq_Value=48000000
RCC.SDIOFreq_Value=180000000
RCC.SPDIFRXFreq_Value=180000000
RCC.SYSCLKFreq_VALUE=180000000
RCC.SYSCLKSource=RCC_SYSCLKSOURCE_PLLCLK
RCC.USBFreq_Value=180000000
RCC.VCOI2SInputFreq_Value=500000
RCC.VCOI2SOutputFreq_Value=96000000
RCC.VCOInputFreq_Value=2000000
RCC.VCOOutputFreq_Value=360000000
RCC.VCOSAIInputFreq_Value=500000
RCC.VCOSAIOutputFreq_Value=96000000
SH.ADCx_IN9.0=ADC1_IN9,IN9
SH.ADCx_IN9.ConfNb=1
SH.GPXTI0.0=GPIO_EXTI0
SH.GPXTI0.ConfNb=1
SH.GPXTI1.0=GPIO_EXTI1
SH.GPXTI1.ConfNb=1
SH.S_TIM12_CH2.0=TIM12_CH2,PWM Generation2 CH2
SH.S_TIM12_CH2.ConfNb=1
SH.S_TIM1_CH4.0=TIM1_CH4,PWM Generation4 CH4
SH.S_TIM1_CH4.ConfNb=1
SH.S_TIM3_CH1.0=TIM3_CH1,Encoder_Interface
SH.S_TIM3_CH1.ConfNb=1
SH.S_TIM3_CH2.0=TIM3_CH2,Encoder_Interface
SH.S_TIM3_CH2.ConfNb=1
TIM1.Channel-PWM\ Generation4\ CH4=TIM_CHANNEL_4
TIM1.IPParameters=Channel-PWM Generation4 CH4
TIM12.Channel-PWM\ Generation2\ CH2=TIM_CHANNEL_2
TIM12.ClockDivision=TIM_CLOCKDIVISION_DIV1
TIM12.IPParameters=Channel-PWM Generation2 CH2,OC2Preload_PWM,Pulse-PWM Generation2 CH2,ClockDivision,Prescaler
TIM12.OC2Preload_PWM=DISABLE
TIM12.Prescaler=0
TIM12.Pulse-PWM\ Generation2\ CH2=0
TIM2.Channel-Output\ Compare3\ No\ Output=TIM_CHANNEL_3
TIM2.ClockDivision=TIM_CLOCKDIVISION_DIV4
TIM2.IPParameters=Prescaler,Period,TIM_MasterOutputTrigger,OCMode_3,Channel-Output Compare3 No Output,Pulse-Output Compare3 No Output,ClockDivision
TIM2.OCMode_3=TIM_OCMODE_TOGGLE
TIM2.Period=65535
TIM2.Prescaler=18000
TIM2.Pulse-Output\ Compare3\ No\ Output=2
TIM2.TIM_MasterOutputTrigger=TIM_TRGO_OC3REF
TIM3.EncoderMode=TIM_ENCODERMODE_TI12
TIM3.IC1Polarity=TIM_ICPOLARITY_FALLING
TIM3.IC2Polarity=TIM_ICPOLARITY_FALLING
TIM3.IPParameters=EncoderMode,IC1Polarity,IC2Polarity,Period
TIM3.Period=65535
TIM4.AutoReloadPreload=TIM_AUTORELOAD_PRELOAD_DISABLE
TIM4.Channel-Output\ Compare4\ No\ Output=TIM_CHANNEL_4
TIM4.IPParameters=Channel-Output Compare4 No Output,TIM_MasterOutputTrigger,Prescaler,Period,Pulse-Output Compare4 No Output,OCMode_4,OC4Preload,AutoReloadPreload,Pulse,TIM_MasterSlaveMode
TIM4.OC4Preload=DISABLE
TIM4.OCMode_4=TIM_OCMODE_TOGGLE
TIM4.Period=65535
TIM4.Prescaler=17999
TIM4.Pulse=adc_timer_value
TIM4.Pulse-Output\ Compare4\ No\ Output=adc_timer_value
TIM4.TIM_MasterOutputTrigger=TIM_TRGO_OC4REF
TIM4.TIM_MasterSlaveMode=TIM_MASTERSLAVEMODE_DISABLE
TIM6.IPParameters=Prescaler,Period,TIM_MasterOutputTrigger
TIM6.Period=100
TIM6.Prescaler=9000-1
TIM6.TIM_MasterOutputTrigger=TIM_TRGO_UPDATE
TIM7.IPParameters=Prescaler,Period,TIM_MasterOutputTrigger
TIM7.Period=10000
TIM7.Prescaler=9000-1
TIM7.TIM_MasterOutputTrigger=TIM_TRGO_UPDATE
TIM8.Channel-PWM\ Generation2\ CH2N=TIM_CHANNEL_2
TIM8.ClockDivision=TIM_CLOCKDIVISION_DIV1
TIM8.IPParameters=ClockDivision,Prescaler,Period,TIM_MasterOutputTrigger,Channel-PWM Generation2 CH2N,Pulse-PWM Generation2 CH2N,OC2Preload_PWM,OCNPolarity_2
TIM8.OC2Preload_PWM=DISABLE
TIM8.OCNPolarity_2=TIM_OCNPOLARITY_LOW
TIM8.Period=499
TIM8.Prescaler=89
TIM8.Pulse-PWM\ Generation2\ CH2N=250
TIM8.TIM_MasterOutputTrigger=TIM_TRGO_RESET
USART3.IPParameters=VirtualMode
USART3.VirtualMode=VM_ASYNC
VP_SYS_VS_Systick.Mode=SysTick
VP_SYS_VS_Systick.Signal=SYS_VS_Systick
VP_TIM12_VS_ClockSourceINT.Mode=Internal
VP_TIM12_VS_ClockSourceINT.Signal=TIM12_VS_ClockSourceINT
VP_TIM1_VS_ClockSourceINT.Mode=Internal
VP_TIM1_VS_ClockSourceINT.Signal=TIM1_VS_ClockSourceINT
VP_TIM2_VS_ClockSourceINT.Mode=Internal
VP_TIM2_VS_ClockSourceINT.Signal=TIM2_VS_ClockSourceINT
VP_TIM2_VS_no_output3.Mode=Output Compare3 No Output
VP_TIM2_VS_no_output3.Signal=TIM2_VS_no_output3
VP_TIM4_VS_ClockSourceINT.Mode=Internal
VP_TIM4_VS_ClockSourceINT.Signal=TIM4_VS_ClockSourceINT
VP_TIM4_VS_no_output4.Mode=Output Compare4 No Output
VP_TIM4_VS_no_output4.Signal=TIM4_VS_no_output4
VP_TIM6_VS_ClockSourceINT.Mode=Enable_Timer
VP_TIM6_VS_ClockSourceINT.Signal=TIM6_VS_ClockSourceINT
VP_TIM7_VS_ClockSourceINT.Mode=Enable_Timer
VP_TIM7_VS_ClockSourceINT.Signal=TIM7_VS_ClockSourceINT
VP_TIM8_VS_ClockSourceINT.Mode=Internal
VP_TIM8_VS_ClockSourceINT.Signal=TIM8_VS_ClockSourceINT
VP_TIM9_VS_ClockSourceINT.Mode=Internal
VP_TIM9_VS_ClockSourceINT.Signal=TIM9_VS_ClockSourceINT
board=custom
